{
    "name": "@github/copilot-language-server",
    "version": "1.515.0",
    "lockfileVersion": 3,
    "requires": true,
    "packages": {
        "": {
            "name": "@github/copilot-language-server",
            "version": "1.515.0",
            "license": "MIT",
            "dependencies": {
                "vscode-languageserver-protocol": "^3.17.5"
            },
            "bin": {
                "copilot-language-server": "dist/language-server.js"
            },
            "optionalDependencies": {
                "@github/copilot-language-server-darwin-arm64": "1.515.0",
                "@github/copilot-language-server-darwin-x64": "1.515.0",
                "@github/copilot-language-server-linux-arm64": "1.515.0",
                "@github/copilot-language-server-linux-x64": "1.515.0",
                "@github/copilot-language-server-win32-arm64": "1.515.0",
                "@github/copilot-language-server-win32-x64": "1.515.0"
            }
        },
        "node_modules/@github/copilot-language-server-darwin-arm64": {
            "version": "1.515.0",
            "resolved": "https://registry.npmjs.org/@github/copilot-language-server-darwin-arm64/-/copilot-language-server-darwin-arm64-1.515.0.tgz",
            "integrity": "sha512-orCmBA7sRbl0yQCPdPPRl89stahNYKUvMuzz2Nn9majHWVnmvknm7GAdeMhUn7lMQXFF0lO+Iwd6d13SPFMBRg==",
            "cpu": [
                "arm64"
            ],
            "license": "MIT",
            "optional": true,
            "os": [
                "darwin"
            ]
        },
        "node_modules/@github/copilot-language-server-darwin-x64": {
            "version": "1.515.0",
            "resolved": "https://registry.npmjs.org/@github/copilot-language-server-darwin-x64/-/copilot-language-server-darwin-x64-1.515.0.tgz",
            "integrity": "sha512-jyUkri7tEz+QccIGaZ/cj/1WT/qxmi9V5cPBEXKBoulzNP2thFw+N9mOa+cGozsnjh1jOyb1Sal2cdou2uorgA==",
            "cpu": [
                "x64"
            ],
            "license": "MIT",
            "optional": true,
            "os": [
                "darwin"
            ]
        },
        "node_modules/@github/copilot-language-server-linux-arm64": {
            "version": "1.515.0",
            "resolved": "https://registry.npmjs.org/@github/copilot-language-server-linux-arm64/-/copilot-language-server-linux-arm64-1.515.0.tgz",
            "integrity": "sha512-htVvMhUhah45+LzGMJXCpdI5Oa3L39dyJblDtt/bG9472jhIJ3hJazuJAsY/FOpWEmGYWNvmiartadEQSkhfYA==",
            "cpu": [
                "arm64"
            ],
            "license": "MIT",
            "optional": true,
            "os": [
                "linux"
            ]
        },
        "node_modules/@github/copilot-language-server-linux-x64": {
            "version": "1.515.0",
            "resolved": "https://registry.npmjs.org/@github/copilot-language-server-linux-x64/-/copilot-language-server-linux-x64-1.515.0.tgz",
            "integrity": "sha512-Y5S0SryLaeadbVIlIEoSxwV2Win+f571HCMLiNBDT6/0tvMJfoBOTO9HJjqY1kWn9JRMzpdZ5xq7V3vVwsqnDg==",
            "cpu": [
                "x64"
            ],
            "license": "MIT",
            "optional": true,
            "os": [
                "linux"
            ]
        },
        "node_modules/@github/copilot-language-server-win32-arm64": {
            "version": "1.515.0",
            "resolved": "https://registry.npmjs.org/@github/copilot-language-server-win32-arm64/-/copilot-language-server-win32-arm64-1.515.0.tgz",
            "integrity": "sha512-GGzQzlIQRJ6TUdr1wzseoDSrPSrfwuio1pwFx6jRjlMFwj0WYFy1/ZvNL+/kInazfZzL1UCu4xccMi1VLCHbfA==",
            "cpu": [
                "arm64"
            ],
            "license": "MIT",
            "optional": true,
            "os": [
                "win32"
            ]
        },
        "node_modules/@github/copilot-language-server-win32-x64": {
            "version": "1.515.0",
            "resolved": "https://registry.npmjs.org/@github/copilot-language-server-win32-x64/-/copilot-language-server-win32-x64-1.515.0.tgz",
            "integrity": "sha512-NmkUmOgnw7IgTX8x9MldxusBp8hnkfIJ8nXYA+O5htPpkO4z6DPqnlx9mb3mnCPaWiQkn+WoaNkvKFhcN1xWEA==",
            "cpu": [
                "x64"
            ],
            "license": "MIT",
            "optional": true,
            "os": [
                "win32"
            ]
        },
        "node_modules/vscode-jsonrpc": {
            "version": "9.0.0",
            "resolved": "https://registry.npmjs.org/vscode-jsonrpc/-/vscode-jsonrpc-9.0.0.tgz",
            "integrity": "sha512-+VvMmQPJhtvJ+8O+zu2JKIRiLxXF8NW7krWgyMGeOHrp4Cn23T5hc0v2LknNeopDOB70wghHAds7mKtcZ0I4Sg==",
            "license": "MIT",
            "engines": {
                "node": ">=14.0.0"
            }
        },
        "node_modules/vscode-languageserver-protocol": {
            "version": "3.18.1",
            "resolved": "https://registry.npmjs.org/vscode-languageserver-protocol/-/vscode-languageserver-protocol-3.18.1.tgz",
            "integrity": "sha512-RTiiVHdpxpYcJVI5sq6S5TLjQ4WDR/rBrIWru+kPXe6sGQ9PFQ3GamrTKLvPqbR4ylr1SoodhmcqbFII0WXVuw==",
            "license": "MIT",
            "dependencies": {
                "vscode-jsonrpc": "9.0.0",
                "vscode-languageserver-types": "3.18.0"
            }
        },
        "node_modules/vscode-languageserver-types": {
            "version": "3.18.0",
            "resolved": "https://registry.npmjs.org/vscode-languageserver-types/-/vscode-languageserver-types-3.18.0.tgz",
            "integrity": "sha512-8TsGPNMIMiiBdkORgRSvLjuiEIiAFtO+KssmYWxQ+uSVvlf7RjK8YKCOjPzZ+YA04jXEV7+7LvkSmHkhpNS99g==",
            "license": "MIT"
        }
    }
}
