{
    "name": "@github/copilot-language-server",
    "version": "1.501.0",
    "lockfileVersion": 3,
    "requires": true,
    "packages": {
        "": {
            "name": "@github/copilot-language-server",
            "version": "1.501.0",
            "license": "MIT",
            "dependencies": {
                "vscode-languageserver-protocol": "^3.17.5"
            },
            "bin": {
                "copilot-language-server": "dist/language-server.js"
            },
            "optionalDependencies": {
                "@github/copilot-language-server-darwin-arm64": "1.501.0",
                "@github/copilot-language-server-darwin-x64": "1.501.0",
                "@github/copilot-language-server-linux-arm64": "1.501.0",
                "@github/copilot-language-server-linux-x64": "1.501.0",
                "@github/copilot-language-server-win32-arm64": "1.501.0",
                "@github/copilot-language-server-win32-x64": "1.501.0"
            }
        },
        "node_modules/@github/copilot-language-server-darwin-arm64": {
            "version": "1.501.0",
            "resolved": "https://registry.npmjs.org/@github/copilot-language-server-darwin-arm64/-/copilot-language-server-darwin-arm64-1.501.0.tgz",
            "integrity": "sha512-gwOPcas4JxzcBopW37XWKPbVkFXG5wpPfARRPm0LoDmDjofzuASmKjmeKTcU1Mi/tuZI2OhCsGZxehPtpAVIpw==",
            "cpu": [
                "arm64"
            ],
            "license": "MIT",
            "optional": true,
            "os": [
                "darwin"
            ]
        },
        "node_modules/@github/copilot-language-server-darwin-x64": {
            "version": "1.501.0",
            "resolved": "https://registry.npmjs.org/@github/copilot-language-server-darwin-x64/-/copilot-language-server-darwin-x64-1.501.0.tgz",
            "integrity": "sha512-r23vu5FY9IAPMAH+XkGITRxkc1OtOMp+Ddb5yNeSrQi5D4oWixmvdHk4fVL9tTq0JFgpNCANXH0B50mMgbwxHA==",
            "cpu": [
                "x64"
            ],
            "license": "MIT",
            "optional": true,
            "os": [
                "darwin"
            ]
        },
        "node_modules/@github/copilot-language-server-linux-arm64": {
            "version": "1.501.0",
            "resolved": "https://registry.npmjs.org/@github/copilot-language-server-linux-arm64/-/copilot-language-server-linux-arm64-1.501.0.tgz",
            "integrity": "sha512-hB0i2GxxV/ctiKetCRmprOxsmVimxY2IQniG4A0T0xiAc4HWLOExDT6KOAN6y8nBRwXIc9rERb9a7o7VeHXO5g==",
            "cpu": [
                "arm64"
            ],
            "license": "MIT",
            "optional": true,
            "os": [
                "linux"
            ]
        },
        "node_modules/@github/copilot-language-server-linux-x64": {
            "version": "1.501.0",
            "resolved": "https://registry.npmjs.org/@github/copilot-language-server-linux-x64/-/copilot-language-server-linux-x64-1.501.0.tgz",
            "integrity": "sha512-ZWdzhWfOvvg2mGq2TyEN65UEs1q4evmDVdx5GOqjSlwe8DFHS215RoQvhw4SHnXsNfoNb4XltHu9D+U+Pi34HQ==",
            "cpu": [
                "x64"
            ],
            "license": "MIT",
            "optional": true,
            "os": [
                "linux"
            ]
        },
        "node_modules/@github/copilot-language-server-win32-arm64": {
            "version": "1.501.0",
            "resolved": "https://registry.npmjs.org/@github/copilot-language-server-win32-arm64/-/copilot-language-server-win32-arm64-1.501.0.tgz",
            "integrity": "sha512-bArCs8GUebUgnyjrN94AFHUOKlNXC30kfXYwbzBrDshEEyMiY4I8/fxD9dpmOMJIjQ352Hgh/lYmZHaCVPopmQ==",
            "cpu": [
                "arm64"
            ],
            "license": "MIT",
            "optional": true,
            "os": [
                "win32"
            ]
        },
        "node_modules/@github/copilot-language-server-win32-x64": {
            "version": "1.501.0",
            "resolved": "https://registry.npmjs.org/@github/copilot-language-server-win32-x64/-/copilot-language-server-win32-x64-1.501.0.tgz",
            "integrity": "sha512-JBEasDKPL8MKl1gVuvE/urZFuh9PFp4mwKJpCgpJ8rSdBF4FPJabFfjg+2hJKDLrtHIj6l/Tpwz/yIzxpDZeaQ==",
            "cpu": [
                "x64"
            ],
            "license": "MIT",
            "optional": true,
            "os": [
                "win32"
            ]
        },
        "node_modules/vscode-jsonrpc": {
            "version": "9.0.0",
            "resolved": "https://registry.npmjs.org/vscode-jsonrpc/-/vscode-jsonrpc-9.0.0.tgz",
            "integrity": "sha512-+VvMmQPJhtvJ+8O+zu2JKIRiLxXF8NW7krWgyMGeOHrp4Cn23T5hc0v2LknNeopDOB70wghHAds7mKtcZ0I4Sg==",
            "license": "MIT",
            "engines": {
                "node": ">=14.0.0"
            }
        },
        "node_modules/vscode-languageserver-protocol": {
            "version": "3.18.0",
            "resolved": "https://registry.npmjs.org/vscode-languageserver-protocol/-/vscode-languageserver-protocol-3.18.0.tgz",
            "integrity": "sha512-Zdz+kJ12Iz6tc11xfZyEo501bBATHXrCjmMfnaR3pMnf1CoqZBKIynba3P+/bi9VEdrMbNtAVKYpKhbODvqy+Q==",
            "license": "MIT",
            "dependencies": {
                "vscode-jsonrpc": "9.0.0",
                "vscode-languageserver-types": "3.18.0"
            }
        },
        "node_modules/vscode-languageserver-types": {
            "version": "3.18.0",
            "resolved": "https://registry.npmjs.org/vscode-languageserver-types/-/vscode-languageserver-types-3.18.0.tgz",
            "integrity": "sha512-8TsGPNMIMiiBdkORgRSvLjuiEIiAFtO+KssmYWxQ+uSVvlf7RjK8YKCOjPzZ+YA04jXEV7+7LvkSmHkhpNS99g==",
            "license": "MIT"
        }
    }
}
