{
    "name": "@github/copilot-language-server",
    "version": "1.514.0",
    "lockfileVersion": 3,
    "requires": true,
    "packages": {
        "": {
            "name": "@github/copilot-language-server",
            "version": "1.514.0",
            "license": "MIT",
            "dependencies": {
                "vscode-languageserver-protocol": "^3.17.5"
            },
            "bin": {
                "copilot-language-server": "dist/language-server.js"
            },
            "optionalDependencies": {
                "@github/copilot-language-server-darwin-arm64": "1.514.0",
                "@github/copilot-language-server-darwin-x64": "1.514.0",
                "@github/copilot-language-server-linux-arm64": "1.514.0",
                "@github/copilot-language-server-linux-x64": "1.514.0",
                "@github/copilot-language-server-win32-arm64": "1.514.0",
                "@github/copilot-language-server-win32-x64": "1.514.0"
            }
        },
        "node_modules/@github/copilot-language-server-darwin-arm64": {
            "version": "1.514.0",
            "resolved": "https://registry.npmjs.org/@github/copilot-language-server-darwin-arm64/-/copilot-language-server-darwin-arm64-1.514.0.tgz",
            "integrity": "sha512-WwVYD0crq14B9IkFonvpS87vyKRRuKBm6HDEg2/aQQAqvhUQ4Svi2TkfM7ijhEdxODenDX8DRUG/MbE8OSKWpg==",
            "cpu": [
                "arm64"
            ],
            "license": "MIT",
            "optional": true,
            "os": [
                "darwin"
            ]
        },
        "node_modules/@github/copilot-language-server-darwin-x64": {
            "version": "1.514.0",
            "resolved": "https://registry.npmjs.org/@github/copilot-language-server-darwin-x64/-/copilot-language-server-darwin-x64-1.514.0.tgz",
            "integrity": "sha512-Epyq/afej409B0pqZr6iutcrOzup9AE/pE3JFL3grDZAi1YFcWl57C8uhZuth2pGl05hxl2gpbb19E70tg8X8g==",
            "cpu": [
                "x64"
            ],
            "license": "MIT",
            "optional": true,
            "os": [
                "darwin"
            ]
        },
        "node_modules/@github/copilot-language-server-linux-arm64": {
            "version": "1.514.0",
            "resolved": "https://registry.npmjs.org/@github/copilot-language-server-linux-arm64/-/copilot-language-server-linux-arm64-1.514.0.tgz",
            "integrity": "sha512-tWFQ1EHBDTWdavk1J/RR4Zg1BFoufdbUUrfTPAF8bwE7aiteLnePFTnlZjdjYWPKTKeXUnW/431ENAKdvEhw+Q==",
            "cpu": [
                "arm64"
            ],
            "license": "MIT",
            "optional": true,
            "os": [
                "linux"
            ]
        },
        "node_modules/@github/copilot-language-server-linux-x64": {
            "version": "1.514.0",
            "resolved": "https://registry.npmjs.org/@github/copilot-language-server-linux-x64/-/copilot-language-server-linux-x64-1.514.0.tgz",
            "integrity": "sha512-j52MVAZvkCXdum3n3Sj5A6qiZr2J9aoGSlAehwLOV3Sj3b02DjfuAcpSlQH7S2oefIbOAn3SMn6kOjJj5TiKyg==",
            "cpu": [
                "x64"
            ],
            "license": "MIT",
            "optional": true,
            "os": [
                "linux"
            ]
        },
        "node_modules/@github/copilot-language-server-win32-arm64": {
            "version": "1.514.0",
            "resolved": "https://registry.npmjs.org/@github/copilot-language-server-win32-arm64/-/copilot-language-server-win32-arm64-1.514.0.tgz",
            "integrity": "sha512-j8YoXhnzSBwE2z/8MTvpA5piGiAmEXs/9TqoY+xSSvyGzOQvIfIPQWYp/PmJK4kKhORnuA5+FHXwuUnRpOIayQ==",
            "cpu": [
                "arm64"
            ],
            "license": "MIT",
            "optional": true,
            "os": [
                "win32"
            ]
        },
        "node_modules/@github/copilot-language-server-win32-x64": {
            "version": "1.514.0",
            "resolved": "https://registry.npmjs.org/@github/copilot-language-server-win32-x64/-/copilot-language-server-win32-x64-1.514.0.tgz",
            "integrity": "sha512-jX6h2POc/mSauIzyZymor9MI/rWMFwP9Tf+vEDDukwP2bG58sWidxppZ4J/rZgu+R2Y3nHqkigLuC1b790drNg==",
            "cpu": [
                "x64"
            ],
            "license": "MIT",
            "optional": true,
            "os": [
                "win32"
            ]
        },
        "node_modules/vscode-jsonrpc": {
            "version": "9.0.0",
            "resolved": "https://registry.npmjs.org/vscode-jsonrpc/-/vscode-jsonrpc-9.0.0.tgz",
            "integrity": "sha512-+VvMmQPJhtvJ+8O+zu2JKIRiLxXF8NW7krWgyMGeOHrp4Cn23T5hc0v2LknNeopDOB70wghHAds7mKtcZ0I4Sg==",
            "license": "MIT",
            "engines": {
                "node": ">=14.0.0"
            }
        },
        "node_modules/vscode-languageserver-protocol": {
            "version": "3.18.1",
            "resolved": "https://registry.npmjs.org/vscode-languageserver-protocol/-/vscode-languageserver-protocol-3.18.1.tgz",
            "integrity": "sha512-RTiiVHdpxpYcJVI5sq6S5TLjQ4WDR/rBrIWru+kPXe6sGQ9PFQ3GamrTKLvPqbR4ylr1SoodhmcqbFII0WXVuw==",
            "license": "MIT",
            "dependencies": {
                "vscode-jsonrpc": "9.0.0",
                "vscode-languageserver-types": "3.18.0"
            }
        },
        "node_modules/vscode-languageserver-types": {
            "version": "3.18.0",
            "resolved": "https://registry.npmjs.org/vscode-languageserver-types/-/vscode-languageserver-types-3.18.0.tgz",
            "integrity": "sha512-8TsGPNMIMiiBdkORgRSvLjuiEIiAFtO+KssmYWxQ+uSVvlf7RjK8YKCOjPzZ+YA04jXEV7+7LvkSmHkhpNS99g==",
            "license": "MIT"
        }
    }
}
